// !$*UTF8*$!
{
	archiveVersion = 1;
	classes = {
	};
	objectVersion = 77;
	objects = {

/* Begin PBXBuildFile section */
		C0FFEE120000000000000012 /* pace-to-mph WatchKit App.app in Embed Watch Content */ = {isa = PBXBuildFile; fileRef = C0FFEE010000000000000001 /* pace-to-mph WatchKit App.app */; };
/* End PBXBuildFile section */

/* Begin PBXContainerItemProxy section */
		C0FFEE140000000000000014 /* PBXContainerItemProxy */ = {
			isa = PBXContainerItemProxy;
			containerPortal = 939A2E542F539927000B40F9 /* Project object */;
			proxyType = 1;
			remoteGlobalIDString = C0FFEE060000000000000006;
			remoteInfo = "pace-to-mph WatchKit App";
		};
		939A2E6A2F539928000B40F9 /* PBXContainerItemProxy */ = {
			isa = PBXContainerItemProxy;
			containerPortal = 939A2E542F539927000B40F9 /* Project object */;
			proxyType = 1;
			remoteGlobalIDString = 939A2E5B2F539927000B40F9;
			remoteInfo = "pace-to-mph";
		};
		939A2E742F539928000B40F9 /* PBXContainerItemProxy */ = {
			isa = PBXContainerItemProxy;
			containerPortal = 939A2E542F539927000B40F9 /* Project object */;
			proxyType = 1;
			remoteGlobalIDString = 939A2E5B2F539927000B40F9;
			remoteInfo = "pace-to-mph";
		};
/* End PBXContainerItemProxy section */

/* Begin PBXCopyFilesBuildPhase section */
		C0FFEE130000000000000013 /* Embed Watch Content */ = {
			isa = PBXCopyFilesBuildPhase;
			buildActionMask = 2147483647;
			dstPath = "";
			dstSubfolderSpec = 16;
			files = (
				C0FFEE120000000000000012 /* pace-to-mph WatchKit App.app in Embed Watch Content */,
			);
			name = "Embed Watch Content";
			runOnlyForDeploymentPostprocessing = 0;
		};
/* End PBXCopyFilesBuildPhase section */

/* Begin PBXFileReference section */
		939A2E5C2F539927000B40F9 /* pace-to-mph.app */ = {isa = PBXFileReference; explicitFileType = wrapper.application; includeInIndex = 0; path = "pace-to-mph.app"; sourceTree = BUILT_PRODUCTS_DIR; };
		939A2E692F539928000B40F9 /* pace-to-mphTests.xctest */ = {isa = PBXFileReference; explicitFileType = wrapper.cfbundle; includeInIndex = 0; path = "pace-to-mphTests.xctest"; sourceTree = BUILT_PRODUCTS_DIR; };
		939A2E732F539928000B40F9 /* pace-to-mphUITests.xctest */ = {isa = PBXFileReference; explicitFileType = wrapper.cfbundle; includeInIndex = 0; path = "pace-to-mphUITests.xctest"; sourceTree = BUILT_PRODUCTS_DIR; };
		C0FFEE010000000000000001 /* pace-to-mph WatchKit App.app */ = {isa = PBXFileReference; explicitFileType = wrapper.application; includeInIndex = 0; path = "pace-to-mph WatchKit App.app"; sourceTree = BUILT_PRODUCTS_DIR; };
/* End PBXFileReference section */

/* Begin PBXFileSystemSynchronizedRootGroup section */
		939A2E5E2F539927000B40F9 /* pace-to-mph */ = {
			isa = PBXFileSystemSynchronizedRootGroup;
			path = "pace-to-mph";
			sourceTree = "<group>";
		};
		939A2E6C2F539928000B40F9 /* pace-to-mphTests */ = {
			isa = PBXFileSystemSynchronizedRootGroup;
			path = "pace-to-mphTests";
			sourceTree = "<group>";
		};
		939A2E762F539928000B40F9 /* pace-to-mphUITests */ = {
			isa = PBXFileSystemSynchronizedRootGroup;
			path = "pace-to-mphUITests";
			sourceTree = "<group>";
		};
		C0FFEE020000000000000002 /* pace-to-mph WatchKit App */ = {
			isa = PBXFileSystemSynchronizedRootGroup;
			path = "pace-to-mph WatchKit App";
			sourceTree = "<group>";
		};
		C0FFEE110000000000000011 /* Shared */ = {
			isa = PBXFileSystemSynchronizedRootGroup;
			path = Shared;
			sourceTree = "<group>";
		};
/* End PBXFileSystemSynchronizedRootGroup section */

/* Begin PBXFrameworksBuildPhase section */
		939A2E592F539927000B40F9 /* Frameworks */ = {
			isa = PBXFrameworksBuildPhase;
			buildActionMask = 2147483647;
			files = (
			);
			runOnlyForDeploymentPostprocessing = 0;
		};
		939A2E662F539928000B40F9 /* Frameworks */ = {
			isa = PBXFrameworksBuildPhase;
			buildActionMask = 2147483647;
			files = (
			);
			runOnlyForDeploymentPostprocessing = 0;
		};
		939A2E702F539928000B40F9 /* Frameworks */ = {
			isa = PBXFrameworksBuildPhase;
			buildActionMask = 2147483647;
			files = (
			);
			runOnlyForDeploymentPostprocessing = 0;
		};
		C0FFEE040000000000000004 /* Frameworks */ = {
			isa = PBXFrameworksBuildPhase;
			buildActionMask = 2147483647;
			files = (
			);
			runOnlyForDeploymentPostprocessing = 0;
		};
/* End PBXFrameworksBuildPhase section */

/* Begin PBXGroup section */
		939A2E532F539927000B40F9 = {
			isa = PBXGroup;
			children = (
				939A2E5E2F539927000B40F9 /* pace-to-mph */,
				C0FFEE020000000000000002 /* pace-to-mph WatchKit App */,
				C0FFEE110000000000000011 /* Shared */,
				939A2E6C2F539928000B40F9 /* pace-to-mphTests */,
				939A2E762F539928000B40F9 /* pace-to-mphUITests */,
				939A2E5D2F539927000B40F9 /* Products */,
			);
			sourceTree = "<group>";
		};
		939A2E5D2F539927000B40F9 /* Products */ = {
			isa = PBXGroup;
			children = (
				939A2E5C2F539927000B40F9 /* pace-to-mph.app */,
				939A2E692F539928000B40F9 /* pace-to-mphTests.xctest */,
				939A2E732F539928000B40F9 /* pace-to-mphUITests.xctest */,
				C0FFEE010000000000000001 /* pace-to-mph WatchKit App.app */,
			);
			name = Products;
			sourceTree = "<group>";
		};
/* End PBXGroup section */

/* Begin PBXNativeTarget section */
		939A2E5B2F539927000B40F9 /* pace-to-mph */ = {
			isa = PBXNativeTarget;
			buildConfigurationList = 939A2E7D2F539928000B40F9 /* Build configuration list for PBXNativeTarget "pace-to-mph" */;
			buildPhases = (
				939A2E582F539927000B40F9 /* Sources */,
				939A2E592F539927000B40F9 /* Frameworks */,
				939A2E5A2F539927000B40F9 /* Resources */,
				C0FFEE130000000000000013 /* Embed Watch Content */,
			);
			buildRules = (
			);
			dependencies = (
				C0FFEE150000000000000015 /* PBXTargetDependency */,
			);
			fileSystemSynchronizedGroups = (
				939A2E5E2F539927000B40F9 /* pace-to-mph */,
				C0FFEE110000000000000011 /* Shared */,
			);
			name = "pace-to-mph";
			packageProductDependencies = (
			);
			productName = "pace-to-mph";
			productReference = 939A2E5C2F539927000B40F9 /* pace-to-mph.app */;
			productType = "com.apple.product-type.application";
		};
		939A2E682F539928000B40F9 /* pace-to-mphTests */ = {
			isa = PBXNativeTarget;
			buildConfigurationList = 939A2E802F539928000B40F9 /* Build configuration list for PBXNativeTarget "pace-to-mphTests" */;
			buildPhases = (
				939A2E652F539928000B40F9 /* Sources */,
				939A2E662F539928000B40F9 /* Frameworks */,
				939A2E672F539928000B40F9 /* Resources */,
			);
			buildRules = (
			);
			dependencies = (
				939A2E6B2F539928000B40F9 /* PBXTargetDependency */,
			);
			fileSystemSynchronizedGroups = (
				939A2E6C2F539928000B40F9 /* pace-to-mphTests */,
			);
			name = "pace-to-mphTests";
			packageProductDependencies = (
			);
			productName = "pace-to-mphTests";
			productReference = 939A2E692F539928000B40F9 /* pace-to-mphTests.xctest */;
			productType = "com.apple.product-type.bundle.unit-test";
		};
		939A2E722F539928000B40F9 /* pace-to-mphUITests */ = {
			isa = PBXNativeTarget;
			buildConfigurationList = 939A2E832F539928000B40F9 /* Build configuration list for PBXNativeTarget "pace-to-mphUITests" */;
			buildPhases = (
				939A2E6F2F539928000B40F9 /* Sources */,
				939A2E702F539928000B40F9 /* Frameworks */,
				939A2E712F539928000B40F9 /* Resources */,
			);
			buildRules = (
			);
			dependencies = (
				939A2E752F539928000B40F9 /* PBXTargetDependency */,
			);
			fileSystemSynchronizedGroups = (
				939A2E762F539928000B40F9 /* pace-to-mphUITests */,
			);
			name = "pace-to-mphUITests";
			packageProductDependencies = (
			);
			productName = "pace-to-mphUITests";
			productReference = 939A2E732F539928000B40F9 /* pace-to-mphUITests.xctest */;
			productType = "com.apple.product-type.bundle.ui-testing";
		};
		C0FFEE060000000000000006 /* pace-to-mph WatchKit App */ = {
			isa = PBXNativeTarget;
			buildConfigurationList = C0FFEE090000000000000009 /* Build configuration list for PBXNativeTarget "pace-to-mph WatchKit App" */;
			buildPhases = (
				C0FFEE030000000000000003 /* Sources */,
				C0FFEE040000000000000004 /* Frameworks */,
				C0FFEE050000000000000005 /* Resources */,
			);
			buildRules = (
			);
			dependencies = (
			);
			fileSystemSynchronizedGroups = (
				C0FFEE020000000000000002 /* pace-to-mph WatchKit App */,
				C0FFEE110000000000000011 /* Shared */,
			);
			name = "pace-to-mph WatchKit App";
			packageProductDependencies = (
			);
			productName = "pace-to-mph WatchKit App";
			productReference = C0FFEE010000000000000001 /* pace-to-mph WatchKit App.app */;
			productType = "com.apple.product-type.application";
		};
/* End PBXNativeTarget section */

/* Begin PBXProject section */
		939A2E542F539927000B40F9 /* Project object */ = {
			isa = PBXProject;
			attributes = {
				BuildIndependentTargetsInParallel = 1;
				LastSwiftUpdateCheck = 2600;
				LastUpgradeCheck = 2600;
				TargetAttributes = {
					939A2E5B2F539927000B40F9 = {
						CreatedOnToolsVersion = 26.0.1;
					};
					939A2E682F539928000B40F9 = {
						CreatedOnToolsVersion = 26.0.1;
						TestTargetID = 939A2E5B2F539927000B40F9;
					};
					939A2E722F539928000B40F9 = {
						CreatedOnToolsVersion = 26.0.1;
						TestTargetID = 939A2E5B2F539927000B40F9;
					};
					C0FFEE060000000000000006 = {
						CreatedOnToolsVersion = 26.0.1;
					};
				};
			};
			buildConfigurationList = 939A2E572F539927000B40F9 /* Build configuration list for PBXProject "pace-to-mph" */;
			developmentRegion = en;
			hasScannedForEncodings = 0;
			knownRegions = (
				en,
				Base,
			);
			mainGroup = 939A2E532F539927000B40F9;
			minimizedProjectReferenceProxies = 1;
			preferredProjectObjectVersion = 77;
			productRefGroup = 939A2E5D2F539927000B40F9 /* Products */;
			projectDirPath = "";
			projectRoot = "";
			targets = (
				939A2E5B2F539927000B40F9 /* pace-to-mph */,
				939A2E682F539928000B40F9 /* pace-to-mphTests */,
				939A2E722F539928000B40F9 /* pace-to-mphUITests */,
				C0FFEE060000000000000006 /* pace-to-mph WatchKit App */,
			);
		};
/* End PBXProject section */

/* Begin PBXResourcesBuildPhase section */
		939A2E5A2F539927000B40F9 /* Resources */ = {
			isa = PBXResourcesBuildPhase;
			buildActionMask = 2147483647;
			files = (
			);
			runOnlyForDeploymentPostprocessing = 0;
		};
		939A2E672F539928000B40F9 /* Resources */ = {
			isa = PBXResourcesBuildPhase;
			buildActionMask = 2147483647;
			files = (
			);
			runOnlyForDeploymentPostprocessing = 0;
		};
		939A2E712F539928000B40F9 /* Resources */ = {
			isa = PBXResourcesBuildPhase;
			buildActionMask = 2147483647;
			files = (
			);
			runOnlyForDeploymentPostprocessing = 0;
		};
		C0FFEE050000000000000005 /* Resources */ = {
			isa = PBXResourcesBuildPhase;
			buildActionMask = 2147483647;
			files = (
			);
			runOnlyForDeploymentPostprocessing = 0;
		};
/* End PBXResourcesBuildPhase section */

/* Begin PBXSourcesBuildPhase section */
		939A2E582F539927000B40F9 /* Sources */ = {
			isa = PBXSourcesBuildPhase;
			buildActionMask = 2147483647;
			files = (
			);
			runOnlyForDeploymentPostprocessing = 0;
		};
		939A2E652F539928000B40F9 /* Sources */ = {
			isa = PBXSourcesBuildPhase;
			buildActionMask = 2147483647;
			files = (
			);
			runOnlyForDeploymentPostprocessing = 0;
		};
		939A2E6F2F539928000B40F9 /* Sources */ = {
			isa = PBXSourcesBuildPhase;
			buildActionMask = 2147483647;
			files = (
			);
			runOnlyForDeploymentPostprocessing = 0;
		};
		C0FFEE030000000000000003 /* Sources */ = {
			isa = PBXSourcesBuildPhase;
			buildActionMask = 2147483647;
			files = (
			);
			runOnlyForDeploymentPostprocessing = 0;
		};
/* End PBXSourcesBuildPhase section */

/* Begin PBXTargetDependency section */
		C0FFEE150000000000000015 /* PBXTargetDependency */ = {
			isa = PBXTargetDependency;
			target = C0FFEE060000000000000006 /* pace-to-mph WatchKit App */;
			targetProxy = C0FFEE140000000000000014 /* PBXContainerItemProxy */;
		};
		939A2E6B2F539928000B40F9 /* PBXTargetDependency */ = {
			isa = PBXTargetDependency;
			target = 939A2E5B2F539927000B40F9 /* pace-to-mph */;
			targetProxy = 939A2E6A2F539928000B40F9 /* PBXContainerItemProxy */;
		};
		939A2E752F539928000B40F9 /* PBXTargetDependency */ = {
			isa = PBXTargetDependency;
			target = 939A2E5B2F539927000B40F9 /* pace-to-mph */;
			targetProxy = 939A2E742F539928000B40F9 /* PBXContainerItemProxy */;
		};
/* End PBXTargetDependency section */

/* Begin XCBuildConfiguration section */
		939A2E7B2F539928000B40F9 /* Debug */ = {
			isa = XCBuildConfiguration;
			buildSettings = {
				ALWAYS_SEARCH_USER_PATHS = NO;
				ASSETCATALOG_COMPILER_GENERATE_SWIFT_ASSET_SYMBOL_EXTENSIONS = YES;
				CLANG_ANALYZER_NONNULL = YES;
				CLANG_ANALYZER_NUMBER_OBJECT_CONVERSION = YES_AGGRESSIVE;
				CLANG_CXX_LANGUAGE_STANDARD = "gnu++20";
				CLANG_ENABLE_MODULES = YES;
				CLANG_ENABLE_OBJC_ARC = YES;
				CLANG_ENABLE_OBJC_WEAK = YES;
				CLANG_WARN_BLOCK_CAPTURE_AUTORELEASING = YES;
				CLANG_WARN_BOOL_CONVERSION = YES;
				CLANG_WARN_COMMA = YES;
				CLANG_WARN_CONSTANT_CONVERSION = YES;
				CLANG_WARN_DEPRECATED_OBJC_IMPLEMENTATIONS = YES;
				CLANG_WARN_DIRECT_OBJC_ISA_USAGE = YES_ERROR;
				CLANG_WARN_DOCUMENTATION_COMMENTS = YES;
				CLANG_WARN_EMPTY_BODY = YES;
				CLANG_WARN_ENUM_CONVERSION = YES;
				CLANG_WARN_INFINITE_RECURSION = YES;
				CLANG_WARN_INT_CONVERSION = YES;
				CLANG_WARN_NON_LITERAL_NULL_CONVERSION = YES;
				CLANG_WARN_OBJC_IMPLICIT_RETAIN_SELF = YES;
				CLANG_WARN_OBJC_LITERAL_CONVERSION = YES;
				CLANG_WARN_OBJC_ROOT_CLASS = YES_ERROR;
				CLANG_WARN_QUOTED_INCLUDE_IN_FRAMEWORK_HEADER = YES;
				CLANG_WARN_RANGE_LOOP_ANALYSIS = YES;
				CLANG_WARN_STRICT_PROTOTYPES = YES;
				CLANG_WARN_SUSPICIOUS_MOVE = YES;
				CLANG_WARN_UNGUARDED_AVAILABILITY = YES_AGGRESSIVE;
				CLANG_WARN_UNREACHABLE_CODE = YES;
				CLANG_WARN__DUPLICATE_METHOD_MATCH = YES;
				COPY_PHASE_STRIP = NO;
				DEBUG_INFORMATION_FORMAT = dwarf;
				DEVELOPMENT_TEAM = 2ZPA772V9V;
				ENABLE_STRICT_OBJC_MSGSEND = YES;
				ENABLE_TESTABILITY = YES;
				ENABLE_USER_SCRIPT_SANDBOXING = YES;
				GCC_C_LANGUAGE_STANDARD = gnu17;
				GCC_DYNAMIC_NO_PIC = NO;
				GCC_NO_COMMON_BLOCKS = YES;
				GCC_OPTIMIZATION_LEVEL = 0;
				GCC_PREPROCESSOR_DEFINITIONS = (
					"DEBUG=1",
					"$(inherited)",
				);
				GCC_WARN_64_TO_32_BIT_CONVERSION = YES;
				GCC_WARN_ABOUT_RETURN_TYPE = YES_ERROR;
				GCC_WARN_UNDECLARED_SELECTOR = YES;
				GCC_WARN_UNINITIALIZED_AUTOS = YES_AGGRESSIVE;
				GCC_WARN_UNUSED_FUNCTION = YES;
				GCC_WARN_UNUSED_VARIABLE = YES;
				IPHONEOS_DEPLOYMENT_TARGET = 26.0;
				LOCALIZATION_PREFERS_STRING_CATALOGS = YES;
				MTL_ENABLE_DEBUG_INFO = INCLUDE_SOURCE;
				MTL_FAST_MATH = YES;
				ONLY_ACTIVE_ARCH = YES;
				SDKROOT = iphoneos;
				SWIFT_ACTIVE_COMPILATION_CONDITIONS = "DEBUG $(inherited)";
				SWIFT_OPTIMIZATION_LEVEL = "-Onone";
			};
			name = Debug;
		};
		939A2E7C2F539928000B40F9 /* Release */ = {
			isa = XCBuildConfiguration;
			buildSettings = {
				ALWAYS_SEARCH_USER_PATHS = NO;
				ASSETCATALOG_COMPILER_GENERATE_SWIFT_ASSET_SYMBOL_EXTENSIONS = YES;
				CLANG_ANALYZER_NONNULL = YES;
				CLANG_ANALYZER_NUMBER_OBJECT_CONVERSION = YES_AGGRESSIVE;
				CLANG_CXX_LANGUAGE_STANDARD = "gnu++20";
				CLANG_ENABLE_MODULES = YES;
				CLANG_ENABLE_OBJC_ARC = YES;
				CLANG_ENABLE_OBJC_WEAK = YES;
				CLANG_WARN_BLOCK_CAPTURE_AUTORELEASING = YES;
				CLANG_WARN_BOOL_CONVERSION = YES;
				CLANG_WARN_COMMA = YES;
				CLANG_WARN_CONSTANT_CONVERSION = YES;
				CLANG_WARN_DEPRECATED_OBJC_IMPLEMENTATIONS = YES;
				CLANG_WARN_DIRECT_OBJC_ISA_USAGE = YES_ERROR;
				CLANG_WARN_DOCUMENTATION_COMMENTS = YES;
				CLANG_WARN_EMPTY_BODY = YES;
				CLANG_WARN_ENUM_CONVERSION = YES;
				CLANG_WARN_INFINITE_RECURSION = YES;
				CLANG_WARN_INT_CONVERSION = YES;
				CLANG_WARN_NON_LITERAL_NULL_CONVERSION = YES;
				CLANG_WARN_OBJC_IMPLICIT_RETAIN_SELF = YES;
				CLANG_WARN_OBJC_LITERAL_CONVERSION = YES;
				CLANG_WARN_OBJC_ROOT_CLASS = YES_ERROR;
				CLANG_WARN_QUOTED_INCLUDE_IN_FRAMEWORK_HEADER = YES;
				CLANG_WARN_RANGE_LOOP_ANALYSIS = YES;
				CLANG_WARN_STRICT_PROTOTYPES = YES;
				CLANG_WARN_SUSPICIOUS_MOVE = YES;
				CLANG_WARN_UNGUARDED_AVAILABILITY = YES_AGGRESSIVE;
				CLANG_WARN_UNREACHABLE_CODE = YES;
				CLANG_WARN__DUPLICATE_METHOD_MATCH = YES;
				COPY_PHASE_STRIP = NO;
				DEBUG_INFORMATION_FORMAT = "dwarf-with-dsym";
				DEVELOPMENT_TEAM = 2ZPA772V9V;
				ENABLE_NS_ASSERTIONS = NO;
				ENABLE_STRICT_OBJC_MSGSEND = YES;
				ENABLE_USER_SCRIPT_SANDBOXING = YES;
				GCC_C_LANGUAGE_STANDARD = gnu17;
				GCC_NO_COMMON_BLOCKS = YES;
				GCC_WARN_64_TO_32_BIT_CONVERSION = YES;
				GCC_WARN_ABOUT_RETURN_TYPE = YES_ERROR;
				GCC_WARN_UNDECLARED_SELECTOR = YES;
				GCC_WARN_UNINITIALIZED_AUTOS = YES_AGGRESSIVE;
				GCC_WARN_UNUSED_FUNCTION = YES;
				GCC_WARN_UNUSED_VARIABLE = YES;
				IPHONEOS_DEPLOYMENT_TARGET = 26.0;
				LOCALIZATION_PREFERS_STRING_CATALOGS = YES;
				MTL_ENABLE_DEBUG_INFO = NO;
				MTL_FAST_MATH = YES;
				SDKROOT = iphoneos;
				SWIFT_COMPILATION_MODE = wholemodule;
				VALIDATE_PRODUCT = YES;
			};
			name = Release;
		};
		939A2E7E2F539928000B40F9 /* Debug */ = {
			isa = XCBuildConfiguration;
			buildSettings = {
				ASSETCATALOG_COMPILER_APPICON_NAME = AppIcon;
				ASSETCATALOG_COMPILER_GLOBAL_ACCENT_COLOR_NAME = AccentColor;
				CODE_SIGN_ENTITLEMENTS = "pace-to-mph/pace-to-mph.entitlements";
				CODE_SIGN_STYLE = Automatic;
				CURRENT_PROJECT_VERSION = 3;
				DEVELOPMENT_TEAM = 2ZPA772V9V;
				ENABLE_PREVIEWS = YES;
				GENERATE_INFOPLIST_FILE = YES;
				INFOPLIST_KEY_NSHealthShareUsageDescription = "RunPace reads your running workouts from Apple Health to display pace and speed in mph or kph.";
				INFOPLIST_KEY_NSHealthUpdateUsageDescription = "RunPace does not write to Apple Health.";
				INFOPLIST_KEY_UIApplicationSceneManifest_Generation = YES;
				INFOPLIST_KEY_UIApplicationSupportsIndirectInputEvents = YES;
				INFOPLIST_KEY_UILaunchScreen_Generation = YES;
				INFOPLIST_KEY_UISupportedInterfaceOrientations_iPad = "UIInterfaceOrientationPortrait UIInterfaceOrientationPortraitUpsideDown UIInterfaceOrientationLandscapeLeft UIInterfaceOrientationLandscapeRight";
				INFOPLIST_KEY_UISupportedInterfaceOrientations_iPhone = UIInterfaceOrientationPortrait;
				LD_RUNPATH_SEARCH_PATHS = (
					"$(inherited)",
					"@executable_path/Frameworks",
				);
				INFOPLIST_KEY_CFBundleDisplayName = RunPace;
				MARKETING_VERSION = 2.1;
				PRODUCT_BUNDLE_IDENTIFIER = "sh.saad.pace-to-mph";
				PRODUCT_NAME = "$(TARGET_NAME)";
				STRING_CATALOG_GENERATE_SYMBOLS = YES;
				SWIFT_APPROACHABLE_CONCURRENCY = YES;
				SWIFT_DEFAULT_ACTOR_ISOLATION = MainActor;
				SWIFT_EMIT_LOC_STRINGS = YES;
				SWIFT_UPCOMING_FEATURE_MEMBER_IMPORT_VISIBILITY = YES;
				SWIFT_VERSION = 5.0;
				TARGETED_DEVICE_FAMILY = "1,2";
			};
			name = Debug;
		};
		939A2E7F2F539928000B40F9 /* Release */ = {
			isa = XCBuildConfiguration;
			buildSettings = {
				ASSETCATALOG_COMPILER_APPICON_NAME = AppIcon;
				ASSETCATALOG_COMPILER_GLOBAL_ACCENT_COLOR_NAME = AccentColor;
				CODE_SIGN_ENTITLEMENTS = "pace-to-mph/pace-to-mph.entitlements";
				CODE_SIGN_STYLE = Automatic;
				CURRENT_PROJECT_VERSION = 3;
				DEVELOPMENT_TEAM = 2ZPA772V9V;
				ENABLE_PREVIEWS = YES;
				GENERATE_INFOPLIST_FILE = YES;
				INFOPLIST_KEY_NSHealthShareUsageDescription = "RunPace reads your running workouts from Apple Health to display pace and speed in mph or kph.";
				INFOPLIST_KEY_NSHealthUpdateUsageDescription = "RunPace does not write to Apple Health.";
				INFOPLIST_KEY_UIApplicationSceneManifest_Generation = YES;
				INFOPLIST_KEY_UIApplicationSupportsIndirectInputEvents = YES;
				INFOPLIST_KEY_UILaunchScreen_Generation = YES;
				INFOPLIST_KEY_UISupportedInterfaceOrientations_iPad = "UIInterfaceOrientationPortrait UIInterfaceOrientationPortraitUpsideDown UIInterfaceOrientationLandscapeLeft UIInterfaceOrientationLandscapeRight";
				INFOPLIST_KEY_UISupportedInterfaceOrientations_iPhone = UIInterfaceOrientationPortrait;
				LD_RUNPATH_SEARCH_PATHS = (
					"$(inherited)",
					"@executable_path/Frameworks",
				);
				INFOPLIST_KEY_CFBundleDisplayName = RunPace;
				MARKETING_VERSION = 2.1;
				PRODUCT_BUNDLE_IDENTIFIER = "sh.saad.pace-to-mph";
				PRODUCT_NAME = "$(TARGET_NAME)";
				STRING_CATALOG_GENERATE_SYMBOLS = YES;
				SWIFT_APPROACHABLE_CONCURRENCY = YES;
				SWIFT_DEFAULT_ACTOR_ISOLATION = MainActor;
				SWIFT_EMIT_LOC_STRINGS = YES;
				SWIFT_UPCOMING_FEATURE_MEMBER_IMPORT_VISIBILITY = YES;
				SWIFT_VERSION = 5.0;
				TARGETED_DEVICE_FAMILY = "1,2";
			};
			name = Release;
		};
		939A2E812F539928000B40F9 /* Debug */ = {
			isa = XCBuildConfiguration;
			buildSettings = {
				BUNDLE_LOADER = "$(TEST_HOST)";
				CODE_SIGN_STYLE = Automatic;
				CURRENT_PROJECT_VERSION = 3;
				DEVELOPMENT_TEAM = 2ZPA772V9V;
				GENERATE_INFOPLIST_FILE = YES;
				IPHONEOS_DEPLOYMENT_TARGET = 26.0;
				MARKETING_VERSION = 2.1;
				PRODUCT_BUNDLE_IDENTIFIER = "sh.saad.pace-to-mphTests";
				PRODUCT_NAME = "$(TARGET_NAME)";
				STRING_CATALOG_GENERATE_SYMBOLS = NO;
				SWIFT_APPROACHABLE_CONCURRENCY = YES;
				SWIFT_EMIT_LOC_STRINGS = NO;
				SWIFT_UPCOMING_FEATURE_MEMBER_IMPORT_VISIBILITY = YES;
				SWIFT_VERSION = 5.0;
				TARGETED_DEVICE_FAMILY = "1,2";
				TEST_HOST = "$(BUILT_PRODUCTS_DIR)/pace-to-mph.app/$(BUNDLE_EXECUTABLE_FOLDER_PATH)/pace-to-mph";
			};
			name = Debug;
		};
		939A2E822F539928000B40F9 /* Release */ = {
			isa = XCBuildConfiguration;
			buildSettings = {
				BUNDLE_LOADER = "$(TEST_HOST)";
				CODE_SIGN_STYLE = Automatic;
				CURRENT_PROJECT_VERSION = 3;
				DEVELOPMENT_TEAM = 2ZPA772V9V;
				GENERATE_INFOPLIST_FILE = YES;
				IPHONEOS_DEPLOYMENT_TARGET = 26.0;
				MARKETING_VERSION = 2.1;
				PRODUCT_BUNDLE_IDENTIFIER = "sh.saad.pace-to-mphTests";
				PRODUCT_NAME = "$(TARGET_NAME)";
				STRING_CATALOG_GENERATE_SYMBOLS = NO;
				SWIFT_APPROACHABLE_CONCURRENCY = YES;
				SWIFT_EMIT_LOC_STRINGS = NO;
				SWIFT_UPCOMING_FEATURE_MEMBER_IMPORT_VISIBILITY = YES;
				SWIFT_VERSION = 5.0;
				TARGETED_DEVICE_FAMILY = "1,2";
				TEST_HOST = "$(BUILT_PRODUCTS_DIR)/pace-to-mph.app/$(BUNDLE_EXECUTABLE_FOLDER_PATH)/pace-to-mph";
			};
			name = Release;
		};
		939A2E842F539928000B40F9 /* Debug */ = {
			isa = XCBuildConfiguration;
			buildSettings = {
				CODE_SIGN_STYLE = Automatic;
				CURRENT_PROJECT_VERSION = 3;
				DEVELOPMENT_TEAM = 2ZPA772V9V;
				GENERATE_INFOPLIST_FILE = YES;
				MARKETING_VERSION = 2.1;
				PRODUCT_BUNDLE_IDENTIFIER = "sh.saad.pace-to-mphUITests";
				PRODUCT_NAME = "$(TARGET_NAME)";
				STRING_CATALOG_GENERATE_SYMBOLS = NO;
				SWIFT_APPROACHABLE_CONCURRENCY = YES;
				SWIFT_EMIT_LOC_STRINGS = NO;
				SWIFT_UPCOMING_FEATURE_MEMBER_IMPORT_VISIBILITY = YES;
				SWIFT_VERSION = 5.0;
				TARGETED_DEVICE_FAMILY = "1,2";
				TEST_TARGET_NAME = "pace-to-mph";
			};
			name = Debug;
		};
		939A2E852F539928000B40F9 /* Release */ = {
			isa = XCBuildConfiguration;
			buildSettings = {
				CODE_SIGN_STYLE = Automatic;
				CURRENT_PROJECT_VERSION = 3;
				DEVELOPMENT_TEAM = 2ZPA772V9V;
				GENERATE_INFOPLIST_FILE = YES;
				MARKETING_VERSION = 2.1;
				PRODUCT_BUNDLE_IDENTIFIER = "sh.saad.pace-to-mphUITests";
				PRODUCT_NAME = "$(TARGET_NAME)";
				STRING_CATALOG_GENERATE_SYMBOLS = NO;
				SWIFT_APPROACHABLE_CONCURRENCY = YES;
				SWIFT_EMIT_LOC_STRINGS = NO;
				SWIFT_UPCOMING_FEATURE_MEMBER_IMPORT_VISIBILITY = YES;
				SWIFT_VERSION = 5.0;
				TARGETED_DEVICE_FAMILY = "1,2";
				TEST_TARGET_NAME = "pace-to-mph";
			};
			name = Release;
		};
		C0FFEE070000000000000007 /* Debug */ = {
			isa = XCBuildConfiguration;
			buildSettings = {
				ASSETCATALOG_COMPILER_APPICON_NAME = AppIcon;
				ASSETCATALOG_COMPILER_GLOBAL_ACCENT_COLOR_NAME = AccentColor;
				CODE_SIGN_STYLE = Automatic;
				CURRENT_PROJECT_VERSION = 3;
				DEVELOPMENT_TEAM = 2ZPA772V9V;
				ENABLE_PREVIEWS = YES;
				GENERATE_INFOPLIST_FILE = YES;
				INFOPLIST_KEY_CFBundleDisplayName = RunPace;
				INFOPLIST_KEY_WKCompanionAppBundleIdentifier = "sh.saad.pace-to-mph";
				LD_RUNPATH_SEARCH_PATHS = (
					"$(inherited)",
					"@executable_path/Frameworks",
				);
				MARKETING_VERSION = 2.1;
				PRODUCT_BUNDLE_IDENTIFIER = "sh.saad.pace-to-mph.watchkitapp";
				PRODUCT_NAME = "$(TARGET_NAME)";
				SDKROOT = watchos;
				SKIP_INSTALL = YES;
				SWIFT_APPROACHABLE_CONCURRENCY = YES;
				SWIFT_DEFAULT_ACTOR_ISOLATION = MainActor;
				SWIFT_EMIT_LOC_STRINGS = YES;
				SWIFT_UPCOMING_FEATURE_MEMBER_IMPORT_VISIBILITY = YES;
				SWIFT_VERSION = 5.0;
				TARGETED_DEVICE_FAMILY = 4;
				WATCHOS_DEPLOYMENT_TARGET = 11.0;
			};
			name = Debug;
		};
		C0FFEE080000000000000008 /* Release */ = {
			isa = XCBuildConfiguration;
			buildSettings = {
				ASSETCATALOG_COMPILER_APPICON_NAME = AppIcon;
				ASSETCATALOG_COMPILER_GLOBAL_ACCENT_COLOR_NAME = AccentColor;
				CODE_SIGN_STYLE = Automatic;
				CURRENT_PROJECT_VERSION = 3;
				DEVELOPMENT_TEAM = 2ZPA772V9V;
				ENABLE_PREVIEWS = YES;
				GENERATE_INFOPLIST_FILE = YES;
				INFOPLIST_KEY_CFBundleDisplayName = RunPace;
				INFOPLIST_KEY_WKCompanionAppBundleIdentifier = "sh.saad.pace-to-mph";
				LD_RUNPATH_SEARCH_PATHS = (
					"$(inherited)",
					"@executable_path/Frameworks",
				);
				MARKETING_VERSION = 2.1;
				PRODUCT_BUNDLE_IDENTIFIER = "sh.saad.pace-to-mph.watchkitapp";
				PRODUCT_NAME = "$(TARGET_NAME)";
				SDKROOT = watchos;
				SKIP_INSTALL = YES;
				SWIFT_APPROACHABLE_CONCURRENCY = YES;
				SWIFT_DEFAULT_ACTOR_ISOLATION = MainActor;
				SWIFT_EMIT_LOC_STRINGS = YES;
				SWIFT_UPCOMING_FEATURE_MEMBER_IMPORT_VISIBILITY = YES;
				SWIFT_VERSION = 5.0;
				TARGETED_DEVICE_FAMILY = 4;
				WATCHOS_DEPLOYMENT_TARGET = 11.0;
			};
			name = Release;
		};
/* End XCBuildConfiguration section */

/* Begin XCConfigurationList section */
		939A2E572F539927000B40F9 /* Build configuration list for PBXProject "pace-to-mph" */ = {
			isa = XCConfigurationList;
			buildConfigurations = (
				939A2E7B2F539928000B40F9 /* Debug */,
				939A2E7C2F539928000B40F9 /* Release */,
			);
			defaultConfigurationIsVisible = 0;
			defaultConfigurationName = Release;
		};
		939A2E7D2F539928000B40F9 /* Build configuration list for PBXNativeTarget "pace-to-mph" */ = {
			isa = XCConfigurationList;
			buildConfigurations = (
				939A2E7E2F539928000B40F9 /* Debug */,
				939A2E7F2F539928000B40F9 /* Release */,
			);
			defaultConfigurationIsVisible = 0;
			defaultConfigurationName = Release;
		};
		939A2E802F539928000B40F9 /* Build configuration list for PBXNativeTarget "pace-to-mphTests" */ = {
			isa = XCConfigurationList;
			buildConfigurations = (
				939A2E812F539928000B40F9 /* Debug */,
				939A2E822F539928000B40F9 /* Release */,
			);
			defaultConfigurationIsVisible = 0;
			defaultConfigurationName = Release;
		};
		939A2E832F539928000B40F9 /* Build configuration list for PBXNativeTarget "pace-to-mphUITests" */ = {
			isa = XCConfigurationList;
			buildConfigurations = (
				939A2E842F539928000B40F9 /* Debug */,
				939A2E852F539928000B40F9 /* Release */,
			);
			defaultConfigurationIsVisible = 0;
			defaultConfigurationName = Release;
		};
		C0FFEE090000000000000009 /* Build configuration list for PBXNativeTarget "pace-to-mph WatchKit App" */ = {
			isa = XCConfigurationList;
			buildConfigurations = (
				C0FFEE070000000000000007 /* Debug */,
				C0FFEE080000000000000008 /* Release */,
			);
			defaultConfigurationIsVisible = 0;
			defaultConfigurationName = Release;
		};
/* End XCConfigurationList section */
	};
	rootObject = 939A2E542F539927000B40F9 /* Project object */;
}
